
Microsoft Visual Studio Solution File, Format Version 12.00
# Visual Studio Version 16
VisualStudioVersion = 16.0.31605.320
MinimumVisualStudioVersion = 10.0.40219.1
Project("{FAE04EC0-301F-11D3-BF4B-00C04F79EFBC}") = "KeyboardHero", "KeyboardHero\KeyboardHero.csproj", "{3E5BA9F2-B560-445A-9BA7-39FA7549E8E6}"
EndProject
Global
	GlobalSection(SolutionConfigurationPlatforms) = preSolution
		Debug|Any CPU = Debug|Any CPU
		Debug|x64 = Debug|x64
		Release|Any CPU = Release|Any CPU
		Release|x64 = Release|x64
	EndGlobalSection
	GlobalSection(ProjectConfigurationPlatforms) = postSolution
		{3E5BA9F2-B560-445A-9BA7-39FA7549E8E6}.Debug|Any CPU.ActiveCfg = Debug|Any CPU
		{3E5BA9F2-B560-445A-9BA7-39FA7549E8E6}.Debug|Any CPU.Build.0 = Debug|Any CPU
		{3E5BA9F2-B560-445A-9BA7-39FA7549E8E6}.Debug|x64.ActiveCfg = Debug|x64
		{3E5BA9F2-B560-445A-9BA7-39FA7549E8E6}.Debug|x64.Build.0 = Debug|x64
		{3E5BA9F2-B560-445A-9BA7-39FA7549E8E6}.Release|Any CPU.ActiveCfg = Release|Any CPU
		{3E5BA9F2-B560-445A-9BA7-39FA7549E8E6}.Release|Any CPU.Build.0 = Release|Any CPU
		{3E5BA9F2-B560-445A-9BA7-39FA7549E8E6}.Release|x64.ActiveCfg = Release|x64
		{3E5BA9F2-B560-445A-9BA7-39FA7549E8E6}.Release|x64.Build.0 = Release|x64
	EndGlobalSection
	GlobalSection(SolutionProperties) = preSolution
		HideSolutionNode = FALSE
	EndGlobalSection
	GlobalSection(ExtensibilityGlobals) = postSolution
		SolutionGuid = {974CB858-A42B-4EAB-9F5E-B2B117FCCAD8}
	EndGlobalSection
EndGlobal
